
Microsoft Visual Studio Solution File, Format Version 12.00
# Visual Studio Version 17
VisualStudioVersion = 17.1.32228.430
MinimumVisualStudioVersion = 10.0.40219.1
Project("{FAE04EC0-301F-11D3-BF4B-00C04F79EFBC}") = "NetCore6_0WebApi", "NetCore6_0WebApi\NetCore6_0WebApi.csproj", "{1F12ACD1-A335-4CAB-9F15-12828BE186A6}"
EndProject
Global
	GlobalSection(SolutionConfigurationPlatforms) = preSolution
		Debug|Any CPU = Debug|Any CPU
		Release|Any CPU = Release|Any CPU
	EndGlobalSection
	GlobalSection(ProjectConfigurationPlatforms) = postSolution
		{1F12ACD1-A335-4CAB-9F15-12828BE186A6}.Debug|Any CPU.ActiveCfg = Debug|Any CPU
		{1F12ACD1-A335-4CAB-9F15-12828BE186A6}.Debug|Any CPU.Build.0 = Debug|Any CPU
		{1F12ACD1-A335-4CAB-9F15-12828BE186A6}.Release|Any CPU.ActiveCfg = Release|Any CPU
		{1F12ACD1-A335-4CAB-9F15-12828BE186A6}.Release|Any CPU.Build.0 = Release|Any CPU
	EndGlobalSection
	GlobalSection(SolutionProperties) = preSolution
		HideSolutionNode = FALSE
	EndGlobalSection
	GlobalSection(ExtensibilityGlobals) = postSolution
		SolutionGuid = {932865E4-2BFE-4C0E-BE57-43EB14FBA85F}
	EndGlobalSection
EndGlobal
